
Microsoft Visual Studio Solution File, Format Version 12.00
# Visual Studio Version 16
VisualStudioVersion = 16.0.30114.105
MinimumVisualStudioVersion = 10.0.40219.1
Project("{2150E333-8FDC-42A3-9474-1A3956D46DE8}") = "src", "src", "{87607E0B-6536-464C-8DA7-C9DCA57D2423}"
EndProject
Project("{FAE04EC0-301F-11D3-BF4B-00C04F79EFBC}") = "WebApp", "src\web-app\WebApp.csproj", "{4B4D3AA8-9C6F-4CB3-88F9-AE9821832AE1}"
EndProject
Global
	GlobalSection(SolutionConfigurationPlatforms) = preSolution
		Debug|Any CPU = Debug|Any CPU
		Release|Any CPU = Release|Any CPU
	EndGlobalSection
	GlobalSection(SolutionProperties) = preSolution
		HideSolutionNode = FALSE
	EndGlobalSection
	GlobalSection(ProjectConfigurationPlatforms) = postSolution
		{4B4D3AA8-9C6F-4CB3-88F9-AE9821832AE1}.Debug|Any CPU.ActiveCfg = Debug|Any CPU
		{4B4D3AA8-9C6F-4CB3-88F9-AE9821832AE1}.Debug|Any CPU.Build.0 = Debug|Any CPU
		{4B4D3AA8-9C6F-4CB3-88F9-AE9821832AE1}.Release|Any CPU.ActiveCfg = Release|Any CPU
		{4B4D3AA8-9C6F-4CB3-88F9-AE9821832AE1}.Release|Any CPU.Build.0 = Release|Any CPU
	EndGlobalSection
	GlobalSection(NestedProjects) = preSolution
		{4B4D3AA8-9C6F-4CB3-88F9-AE9821832AE1} = {87607E0B-6536-464C-8DA7-C9DCA57D2423}
	EndGlobalSection
EndGlobal
