
Microsoft Visual Studio Solution File, Format Version 12.00
# Visual Studio 15
VisualStudioVersion = 15.0.26403.0
MinimumVisualStudioVersion = 10.0.40219.1
Project("{FAE04EC0-301F-11D3-BF4B-00C04F79EFBC}") = "BarcodeScanner", "BarcodeScanner\BarcodeScanner.csproj", "{F9A382A4-D4D4-4DEC-852B-8A2C3D5DCE59}"
EndProject
Project("{FAE04EC0-301F-11D3-BF4B-00C04F79EFBC}") = "GeoSensor", "GeoSensor\GeoSensor.csproj", "{68AAAB67-FF8E-4775-8692-DF38235F30EB}"
EndProject
Project("{FAE04EC0-301F-11D3-BF4B-00C04F79EFBC}") = "HelloWorldLocalized", "HelloWorldLocalized\HelloWorldLocalized.csproj", "{7E29A984-3D22-4307-94A0-2B94A44A8122}"
EndProject
Global
	GlobalSection(SolutionConfigurationPlatforms) = preSolution
		Debug|Any CPU = Debug|Any CPU
		Release|Any CPU = Release|Any CPU
	EndGlobalSection
	GlobalSection(ProjectConfigurationPlatforms) = postSolution
		{F9A382A4-D4D4-4DEC-852B-8A2C3D5DCE59}.Debug|Any CPU.ActiveCfg = Debug|Any CPU
		{F9A382A4-D4D4-4DEC-852B-8A2C3D5DCE59}.Debug|Any CPU.Build.0 = Debug|Any CPU
		{F9A382A4-D4D4-4DEC-852B-8A2C3D5DCE59}.Debug|Any CPU.Deploy.0 = Debug|Any CPU
		{F9A382A4-D4D4-4DEC-852B-8A2C3D5DCE59}.Release|Any CPU.ActiveCfg = Release|Any CPU
		{F9A382A4-D4D4-4DEC-852B-8A2C3D5DCE59}.Release|Any CPU.Build.0 = Release|Any CPU
		{F9A382A4-D4D4-4DEC-852B-8A2C3D5DCE59}.Release|Any CPU.Deploy.0 = Release|Any CPU
		{68AAAB67-FF8E-4775-8692-DF38235F30EB}.Debug|Any CPU.ActiveCfg = Debug|Any CPU
		{68AAAB67-FF8E-4775-8692-DF38235F30EB}.Debug|Any CPU.Build.0 = Debug|Any CPU
		{68AAAB67-FF8E-4775-8692-DF38235F30EB}.Debug|Any CPU.Deploy.0 = Debug|Any CPU
		{68AAAB67-FF8E-4775-8692-DF38235F30EB}.Release|Any CPU.ActiveCfg = Release|Any CPU
		{68AAAB67-FF8E-4775-8692-DF38235F30EB}.Release|Any CPU.Build.0 = Release|Any CPU
		{68AAAB67-FF8E-4775-8692-DF38235F30EB}.Release|Any CPU.Deploy.0 = Release|Any CPU
		{7E29A984-3D22-4307-94A0-2B94A44A8122}.Debug|Any CPU.ActiveCfg = Debug|Any CPU
		{7E29A984-3D22-4307-94A0-2B94A44A8122}.Debug|Any CPU.Build.0 = Debug|Any CPU
		{7E29A984-3D22-4307-94A0-2B94A44A8122}.Debug|Any CPU.Deploy.0 = Debug|Any CPU
		{7E29A984-3D22-4307-94A0-2B94A44A8122}.Release|Any CPU.ActiveCfg = Release|Any CPU
		{7E29A984-3D22-4307-94A0-2B94A44A8122}.Release|Any CPU.Build.0 = Release|Any CPU
		{7E29A984-3D22-4307-94A0-2B94A44A8122}.Release|Any CPU.Deploy.0 = Release|Any CPU
	EndGlobalSection
	GlobalSection(SolutionProperties) = preSolution
		HideSolutionNode = FALSE
	EndGlobalSection
EndGlobal
