
Microsoft Visual Studio Solution File, Format Version 12.00
# Visual Studio Version 17
VisualStudioVersion = 17.1.32319.34
MinimumVisualStudioVersion = 10.0.40219.1
Project("{2150E333-8FDC-42A3-9474-1A3956D46DE8}") = "src", "src", "{9FE3AB9C-B5D8-4126-A6C8-260030278A3B}"
EndProject
Project("{9A19103F-16F7-4668-BE54-9A1E7A4F7556}") = "Crafter.Dough.WebApp", "src\crafter-dough\Crafter.Dough.WebApp.csproj", "{7315DE84-6EDC-4624-A75C-6765BED16642}"
EndProject
Project("{9A19103F-16F7-4668-BE54-9A1E7A4F7556}") = "Crafter.IngredientsSelection", "src\crafter-ingredients-selection\Crafter.IngredientsSelection.csproj", "{1312AE8D-187F-484A-B4B4-8096207D5505}"
EndProject
Project("{9A19103F-16F7-4668-BE54-9A1E7A4F7556}") = "Crafter.RecipeComposition", "src\crafter-recipe-composition\Crafter.RecipeComposition.csproj", "{8438BFED-9722-4C50-A3E7-0096662672FE}"
EndProject
Project("{9A19103F-16F7-4668-BE54-9A1E7A4F7556}") = "Crafter.BackOffice", "src\crafter-back-office\Crafter.BackOffice.csproj", "{1024D7F8-437D-471F-971E-ACAA5F43BB0D}"
EndProject
Global
	GlobalSection(SolutionConfigurationPlatforms) = preSolution
		Debug|Any CPU = Debug|Any CPU
		Release|Any CPU = Release|Any CPU
	EndGlobalSection
	GlobalSection(ProjectConfigurationPlatforms) = postSolution
		{7315DE84-6EDC-4624-A75C-6765BED16642}.Debug|Any CPU.ActiveCfg = Debug|Any CPU
		{7315DE84-6EDC-4624-A75C-6765BED16642}.Debug|Any CPU.Build.0 = Debug|Any CPU
		{7315DE84-6EDC-4624-A75C-6765BED16642}.Release|Any CPU.ActiveCfg = Release|Any CPU
		{7315DE84-6EDC-4624-A75C-6765BED16642}.Release|Any CPU.Build.0 = Release|Any CPU
		{1312AE8D-187F-484A-B4B4-8096207D5505}.Debug|Any CPU.ActiveCfg = Debug|Any CPU
		{1312AE8D-187F-484A-B4B4-8096207D5505}.Debug|Any CPU.Build.0 = Debug|Any CPU
		{1312AE8D-187F-484A-B4B4-8096207D5505}.Release|Any CPU.ActiveCfg = Release|Any CPU
		{1312AE8D-187F-484A-B4B4-8096207D5505}.Release|Any CPU.Build.0 = Release|Any CPU
		{8438BFED-9722-4C50-A3E7-0096662672FE}.Debug|Any CPU.ActiveCfg = Debug|Any CPU
		{8438BFED-9722-4C50-A3E7-0096662672FE}.Debug|Any CPU.Build.0 = Debug|Any CPU
		{8438BFED-9722-4C50-A3E7-0096662672FE}.Release|Any CPU.ActiveCfg = Release|Any CPU
		{8438BFED-9722-4C50-A3E7-0096662672FE}.Release|Any CPU.Build.0 = Release|Any CPU
		{1024D7F8-437D-471F-971E-ACAA5F43BB0D}.Debug|Any CPU.ActiveCfg = Debug|Any CPU
		{1024D7F8-437D-471F-971E-ACAA5F43BB0D}.Debug|Any CPU.Build.0 = Debug|Any CPU
		{1024D7F8-437D-471F-971E-ACAA5F43BB0D}.Release|Any CPU.ActiveCfg = Release|Any CPU
		{1024D7F8-437D-471F-971E-ACAA5F43BB0D}.Release|Any CPU.Build.0 = Release|Any CPU
	EndGlobalSection
	GlobalSection(SolutionProperties) = preSolution
		HideSolutionNode = FALSE
	EndGlobalSection
	GlobalSection(NestedProjects) = preSolution
		{7315DE84-6EDC-4624-A75C-6765BED16642} = {9FE3AB9C-B5D8-4126-A6C8-260030278A3B}
		{1312AE8D-187F-484A-B4B4-8096207D5505} = {9FE3AB9C-B5D8-4126-A6C8-260030278A3B}
		{8438BFED-9722-4C50-A3E7-0096662672FE} = {9FE3AB9C-B5D8-4126-A6C8-260030278A3B}
		{1024D7F8-437D-471F-971E-ACAA5F43BB0D} = {9FE3AB9C-B5D8-4126-A6C8-260030278A3B}
	EndGlobalSection
	GlobalSection(ExtensibilityGlobals) = postSolution
		SolutionGuid = {09F1200A-6CA3-4620-909A-1461ABC18604}
	EndGlobalSection
EndGlobal
