
Microsoft Visual Studio Solution File, Format Version 12.00
# Visual Studio Version 17
VisualStudioVersion = 17.0.31903.59
MinimumVisualStudioVersion = 10.0.40219.1
Project("{2150E333-8FDC-42A3-9474-1A3956D46DE8}") = "src", "src", "{341BCBD6-0B70-4A6F-8CEB-F6E640693C2B}"
EndProject
Project("{2150E333-8FDC-42A3-9474-1A3956D46DE8}") = "apps", "apps", "{E4CD3C53-081D-4907-9551-4C8A98E96842}"
EndProject
Project("{FAE04EC0-301F-11D3-BF4B-00C04F79EFBC}") = "JohnDoeLtd.WebApp.Chigaru", "src\apps\chigaru\JohnDoeLtd.WebApp.Chigaru.csproj", "{E568851E-2572-4054-8FB3-23DC3BBB5D35}"
EndProject
Project("{FAE04EC0-301F-11D3-BF4B-00C04F79EFBC}") = "JohnDoeLtd.WebApp.Harsiesis", "src\apps\harsiesis\JohnDoeLtd.WebApp.Harsiesis.csproj", "{D7A68712-28CE-45AE-AF92-0A9C812C8292}"
EndProject
Global
	GlobalSection(SolutionConfigurationPlatforms) = preSolution
		Debug|Any CPU = Debug|Any CPU
		Release|Any CPU = Release|Any CPU
	EndGlobalSection
	GlobalSection(SolutionProperties) = preSolution
		HideSolutionNode = FALSE
	EndGlobalSection
	GlobalSection(ProjectConfigurationPlatforms) = postSolution
		{E568851E-2572-4054-8FB3-23DC3BBB5D35}.Debug|Any CPU.ActiveCfg = Debug|Any CPU
		{E568851E-2572-4054-8FB3-23DC3BBB5D35}.Debug|Any CPU.Build.0 = Debug|Any CPU
		{E568851E-2572-4054-8FB3-23DC3BBB5D35}.Release|Any CPU.ActiveCfg = Release|Any CPU
		{E568851E-2572-4054-8FB3-23DC3BBB5D35}.Release|Any CPU.Build.0 = Release|Any CPU
		{D7A68712-28CE-45AE-AF92-0A9C812C8292}.Debug|Any CPU.ActiveCfg = Debug|Any CPU
		{D7A68712-28CE-45AE-AF92-0A9C812C8292}.Debug|Any CPU.Build.0 = Debug|Any CPU
		{D7A68712-28CE-45AE-AF92-0A9C812C8292}.Release|Any CPU.ActiveCfg = Release|Any CPU
		{D7A68712-28CE-45AE-AF92-0A9C812C8292}.Release|Any CPU.Build.0 = Release|Any CPU
	EndGlobalSection
	GlobalSection(NestedProjects) = preSolution
		{E4CD3C53-081D-4907-9551-4C8A98E96842} = {341BCBD6-0B70-4A6F-8CEB-F6E640693C2B}
		{E568851E-2572-4054-8FB3-23DC3BBB5D35} = {E4CD3C53-081D-4907-9551-4C8A98E96842}
		{D7A68712-28CE-45AE-AF92-0A9C812C8292} = {E4CD3C53-081D-4907-9551-4C8A98E96842}
	EndGlobalSection
EndGlobal
