
Microsoft Visual Studio Solution File, Format Version 12.00
# Visual Studio Version 17
VisualStudioVersion = 17.0.31903.59
MinimumVisualStudioVersion = 10.0.40219.1
Project("{2150E333-8FDC-42A3-9474-1A3956D46DE8}") = "src", "src", "{49710E87-500A-4075-A750-4948028C40AF}"
EndProject
Project("{9A19103F-16F7-4668-BE54-9A1E7A4F7556}") = "Streaming.Cloudflare.WebApp", "src\webapp\Streaming.Cloudflare.WebApp.csproj", "{2BBD2523-9864-4336-BFFE-F5727CC88073}"
EndProject
Global
	GlobalSection(SolutionConfigurationPlatforms) = preSolution
		Debug|Any CPU = Debug|Any CPU
		Release|Any CPU = Release|Any CPU
	EndGlobalSection
	GlobalSection(ProjectConfigurationPlatforms) = postSolution
		{2BBD2523-9864-4336-BFFE-F5727CC88073}.Debug|Any CPU.ActiveCfg = Debug|Any CPU
		{2BBD2523-9864-4336-BFFE-F5727CC88073}.Debug|Any CPU.Build.0 = Debug|Any CPU
		{2BBD2523-9864-4336-BFFE-F5727CC88073}.Release|Any CPU.ActiveCfg = Release|Any CPU
		{2BBD2523-9864-4336-BFFE-F5727CC88073}.Release|Any CPU.Build.0 = Release|Any CPU
	EndGlobalSection
	GlobalSection(SolutionProperties) = preSolution
		HideSolutionNode = FALSE
	EndGlobalSection
	GlobalSection(NestedProjects) = preSolution
		{2BBD2523-9864-4336-BFFE-F5727CC88073} = {49710E87-500A-4075-A750-4948028C40AF}
	EndGlobalSection
	GlobalSection(ExtensibilityGlobals) = postSolution
		SolutionGuid = {FE87E24B-DE61-4AA5-B832-0678CFCAFF31}
	EndGlobalSection
EndGlobal
