
Microsoft Visual Studio Solution File, Format Version 12.00
# Visual Studio 15
VisualStudioVersion = 15.0.28010.2041
MinimumVisualStudioVersion = 10.0.40219.1
Project("{FAE04EC0-301F-11D3-BF4B-00C04F79EFBC}") = "Labs.MvcLover", "Labs.MvcLover\Labs.MvcLover.csproj", "{C95FE23A-B614-4D6C-A7AD-91479549D93E}"
EndProject
Global
	GlobalSection(SolutionConfigurationPlatforms) = preSolution
		Debug|Any CPU = Debug|Any CPU
		Release|Any CPU = Release|Any CPU
	EndGlobalSection
	GlobalSection(ProjectConfigurationPlatforms) = postSolution
		{C95FE23A-B614-4D6C-A7AD-91479549D93E}.Debug|Any CPU.ActiveCfg = Debug|Any CPU
		{C95FE23A-B614-4D6C-A7AD-91479549D93E}.Debug|Any CPU.Build.0 = Debug|Any CPU
		{C95FE23A-B614-4D6C-A7AD-91479549D93E}.Release|Any CPU.ActiveCfg = Release|Any CPU
		{C95FE23A-B614-4D6C-A7AD-91479549D93E}.Release|Any CPU.Build.0 = Release|Any CPU
	EndGlobalSection
	GlobalSection(SolutionProperties) = preSolution
		HideSolutionNode = FALSE
	EndGlobalSection
	GlobalSection(ExtensibilityGlobals) = postSolution
		SolutionGuid = {BC1BD928-7446-4B06-9AA5-A5ED9A43C99C}
	EndGlobalSection
EndGlobal
